// !$*UTF8*$!
{
	archiveVersion = 1;
	classes = {
	};
	objectVersion = 77;
	objects = {

/* Begin PBXBuildFile section */
		BC50BCB02E7C40DF004C01EA /* BLEKit.framework in Frameworks */ = {isa = PBXBuildFile; fileRef = BC50BCA42E7C40DF004C01EA /* BLEKit.framework */; };
		BC50BCF92E7C5B12004C01EA /* BLEKit.framework in Frameworks */ = {isa = PBXBuildFile; fileRef = BC50BCA42E7C40DF004C01EA /* BLEKit.framework */; };
		E39FEE3FF43F4D3383271227 /* BLEKit.framework in Embed Frameworks */ = {isa = PBXBuildFile; fileRef = BC50BCA42E7C40DF004C01EA /* BLEKit.framework */; settings = {ATTRIBUTES = (CodeSignOnCopy, RemoveHeadersOnCopy, ); }; };
/* End PBXBuildFile section */

/* Begin PBXContainerItemProxy section */
		BC50BCB12E7C40DF004C01EA /* PBXContainerItemProxy */ = {
			isa = PBXContainerItemProxy;
			containerPortal = BC50BC9B2E7C40DF004C01EA /* Project object */;
			proxyType = 1;
			remoteGlobalIDString = BC50BCA32E7C40DF004C01EA;
			remoteInfo = BLEKit;
		};
		BC50BCDE2E7C59A4004C01EA /* PBXContainerItemProxy */ = {
			isa = PBXContainerItemProxy;
			containerPortal = BC50BC9B2E7C40DF004C01EA /* Project object */;
			proxyType = 1;
			remoteGlobalIDString = BC50BCC72E7C59A3004C01EA;
			remoteInfo = BLEKitDemo;
		};
		BC50BCE82E7C59A4004C01EA /* PBXContainerItemProxy */ = {
			isa = PBXContainerItemProxy;
			containerPortal = BC50BC9B2E7C40DF004C01EA /* Project object */;
			proxyType = 1;
			remoteGlobalIDString = BC50BCC72E7C59A3004C01EA;
			remoteInfo = BLEKitDemo;
		};
		BC50BCFB2E7C5B12004C01EA /* PBXContainerItemProxy */ = {
			isa = PBXContainerItemProxy;
			containerPortal = BC50BC9B2E7C40DF004C01EA /* Project object */;
			proxyType = 1;
			remoteGlobalIDString = BC50BCA32E7C40DF004C01EA;
			remoteInfo = BLEKit;
		};
/* End PBXContainerItemProxy section */

/* Begin PBXCopyFilesBuildPhase section */
		E39FEE3FF43F4D3383271226 /* Embed Frameworks */ = {
			isa = PBXCopyFilesBuildPhase;
			buildActionMask = 2147483647;
			dstPath = "";
			dstSubfolderSpec = 10;
			files = (
				E39FEE3FF43F4D3383271227 /* BLEKit.framework in Embed Frameworks */,
			);
			name = "Embed Frameworks";
			runOnlyForDeploymentPostprocessing = 0;
		};
/* End PBXCopyFilesBuildPhase section */

/* Begin PBXFileReference section */
		BC50BCA42E7C40DF004C01EA /* BLEKit.framework */ = {isa = PBXFileReference; explicitFileType = wrapper.framework; includeInIndex = 0; path = BLEKit.framework; sourceTree = BUILT_PRODUCTS_DIR; };
		BC50BCAF2E7C40DF004C01EA /* BLEKitTests.xctest */ = {isa = PBXFileReference; explicitFileType = wrapper.cfbundle; includeInIndex = 0; path = BLEKitTests.xctest; sourceTree = BUILT_PRODUCTS_DIR; };
		BC50BCC82E7C59A3004C01EA /* BLEKitDemo.app */ = {isa = PBXFileReference; explicitFileType = wrapper.application; includeInIndex = 0; path = BLEKitDemo.app; sourceTree = BUILT_PRODUCTS_DIR; };
		BC50BCDD2E7C59A4004C01EA /* BLEKitDemoTests.xctest */ = {isa = PBXFileReference; explicitFileType = wrapper.cfbundle; includeInIndex = 0; path = BLEKitDemoTests.xctest; sourceTree = BUILT_PRODUCTS_DIR; };
		BC50BCE72E7C59A4004C01EA /* BLEKitDemoUITests.xctest */ = {isa = PBXFileReference; explicitFileType = wrapper.cfbundle; includeInIndex = 0; path = BLEKitDemoUITests.xctest; sourceTree = BUILT_PRODUCTS_DIR; };
/* End PBXFileReference section */

/* Begin PBXFileSystemSynchronizedBuildFileExceptionSet section */
		BC50BCEF2E7C59A4004C01EA /* Exceptions for "BLEKitDemo" folder in "BLEKitDemo" target */ = {
			isa = PBXFileSystemSynchronizedBuildFileExceptionSet;
			membershipExceptions = (
				Info.plist,
			);
			target = BC50BCC72E7C59A3004C01EA /* BLEKitDemo */;
		};
/* End PBXFileSystemSynchronizedBuildFileExceptionSet section */

/* Begin PBXFileSystemSynchronizedRootGroup section */
		BC50BCA62E7C40DF004C01EA /* BLEKit */ = {
			isa = PBXFileSystemSynchronizedRootGroup;
			path = BLEKit;
			sourceTree = "<group>";
		};
		BC50BCB32E7C40DF004C01EA /* BLEKitTests */ = {
			isa = PBXFileSystemSynchronizedRootGroup;
			path = BLEKitTests;
			sourceTree = "<group>";
		};
		BC50BCC92E7C59A3004C01EA /* BLEKitDemo */ = {
			isa = PBXFileSystemSynchronizedRootGroup;
			exceptions = (
				BC50BCEF2E7C59A4004C01EA /* Exceptions for "BLEKitDemo" folder in "BLEKitDemo" target */,
			);
			path = BLEKitDemo;
			sourceTree = "<group>";
		};
		BC50BCE02E7C59A4004C01EA /* BLEKitDemoTests */ = {
			isa = PBXFileSystemSynchronizedRootGroup;
			path = BLEKitDemoTests;
			sourceTree = "<group>";
		};
		BC50BCEA2E7C59A4004C01EA /* BLEKitDemoUITests */ = {
			isa = PBXFileSystemSynchronizedRootGroup;
			path = BLEKitDemoUITests;
			sourceTree = "<group>";
		};
/* End PBXFileSystemSynchronizedRootGroup section */

/* Begin PBXFrameworksBuildPhase section */
		BC50BCA12E7C40DF004C01EA /* Frameworks */ = {
			isa = PBXFrameworksBuildPhase;
			buildActionMask = 2147483647;
			files = (
			);
			runOnlyForDeploymentPostprocessing = 0;
		};
		BC50BCAC2E7C40DF004C01EA /* Frameworks */ = {
			isa = PBXFrameworksBuildPhase;
			buildActionMask = 2147483647;
			files = (
				BC50BCB02E7C40DF004C01EA /* BLEKit.framework in Frameworks */,
			);
			runOnlyForDeploymentPostprocessing = 0;
		};
		BC50BCC52E7C59A3004C01EA /* Frameworks */ = {
			isa = PBXFrameworksBuildPhase;
			buildActionMask = 2147483647;
			files = (
				BC50BCF92E7C5B12004C01EA /* BLEKit.framework in Frameworks */,
			);
			runOnlyForDeploymentPostprocessing = 0;
		};
		BC50BCDA2E7C59A4004C01EA /* Frameworks */ = {
			isa = PBXFrameworksBuildPhase;
			buildActionMask = 2147483647;
			files = (
			);
			runOnlyForDeploymentPostprocessing = 0;
		};
		BC50BCE42E7C59A4004C01EA /* Frameworks */ = {
			isa = PBXFrameworksBuildPhase;
			buildActionMask = 2147483647;
			files = (
			);
			runOnlyForDeploymentPostprocessing = 0;
		};
/* End PBXFrameworksBuildPhase section */

/* Begin PBXGroup section */
		BC50BC9A2E7C40DF004C01EA = {
			isa = PBXGroup;
			children = (
				BC50BCA62E7C40DF004C01EA /* BLEKit */,
				BC50BCB32E7C40DF004C01EA /* BLEKitTests */,
				BC50BCC92E7C59A3004C01EA /* BLEKitDemo */,
				BC50BCE02E7C59A4004C01EA /* BLEKitDemoTests */,
				BC50BCEA2E7C59A4004C01EA /* BLEKitDemoUITests */,
				BC50BCA52E7C40DF004C01EA /* Products */,
			);
			sourceTree = "<group>";
		};
		BC50BCA52E7C40DF004C01EA /* Products */ = {
			isa = PBXGroup;
			children = (
				BC50BCA42E7C40DF004C01EA /* BLEKit.framework */,
				BC50BCAF2E7C40DF004C01EA /* BLEKitTests.xctest */,
				BC50BCC82E7C59A3004C01EA /* BLEKitDemo.app */,
				BC50BCDD2E7C59A4004C01EA /* BLEKitDemoTests.xctest */,
				BC50BCE72E7C59A4004C01EA /* BLEKitDemoUITests.xctest */,
			);
			name = Products;
			sourceTree = "<group>";
		};
/* End PBXGroup section */

/* Begin PBXHeadersBuildPhase section */
		BC50BC9F2E7C40DF004C01EA /* Headers */ = {
			isa = PBXHeadersBuildPhase;
			buildActionMask = 2147483647;
			files = (
			);
			runOnlyForDeploymentPostprocessing = 0;
		};
/* End PBXHeadersBuildPhase section */

/* Begin PBXNativeTarget section */
		BC50BCA32E7C40DF004C01EA /* BLEKit */ = {
			isa = PBXNativeTarget;
			buildConfigurationList = BC50BCB82E7C40DF004C01EA /* Build configuration list for PBXNativeTarget "BLEKit" */;
			buildPhases = (
				BC50BC9F2E7C40DF004C01EA /* Headers */,
				BC50BCA02E7C40DF004C01EA /* Sources */,
				BC50BCA12E7C40DF004C01EA /* Frameworks */,
				BC50BCA22E7C40DF004C01EA /* Resources */,
			);
			buildRules = (
			);
			dependencies = (
			);
			fileSystemSynchronizedGroups = (
				BC50BCA62E7C40DF004C01EA /* BLEKit */,
			);
			name = BLEKit;
			packageProductDependencies = (
			);
			productName = BLEKit;
			productReference = BC50BCA42E7C40DF004C01EA /* BLEKit.framework */;
			productType = "com.apple.product-type.framework";
		};
		BC50BCAE2E7C40DF004C01EA /* BLEKitTests */ = {
			isa = PBXNativeTarget;
			buildConfigurationList = BC50BCBB2E7C40DF004C01EA /* Build configuration list for PBXNativeTarget "BLEKitTests" */;
			buildPhases = (
				BC50BCAB2E7C40DF004C01EA /* Sources */,
				BC50BCAC2E7C40DF004C01EA /* Frameworks */,
				BC50BCAD2E7C40DF004C01EA /* Resources */,
			);
			buildRules = (
			);
			dependencies = (
				BC50BCB22E7C40DF004C01EA /* PBXTargetDependency */,
			);
			fileSystemSynchronizedGroups = (
				BC50BCB32E7C40DF004C01EA /* BLEKitTests */,
			);
			name = BLEKitTests;
			packageProductDependencies = (
			);
			productName = BLEKitTests;
			productReference = BC50BCAF2E7C40DF004C01EA /* BLEKitTests.xctest */;
			productType = "com.apple.product-type.bundle.unit-test";
		};
		BC50BCC72E7C59A3004C01EA /* BLEKitDemo */ = {
			isa = PBXNativeTarget;
			buildConfigurationList = BC50BCF02E7C59A4004C01EA /* Build configuration list for PBXNativeTarget "BLEKitDemo" */;
			buildPhases = (
				BC50BCC42E7C59A3004C01EA /* Sources */,
				BC50BCC52E7C59A3004C01EA /* Frameworks */,
				BC50BCC62E7C59A3004C01EA /* Resources */,
				E39FEE3FF43F4D3383271226 /* Embed Frameworks */,
			);
			buildRules = (
			);
			dependencies = (
				BC50BCFA2E7C5B12004C01EA /* PBXTargetDependency */,
			);
			fileSystemSynchronizedGroups = (
				BC50BCC92E7C59A3004C01EA /* BLEKitDemo */,
			);
			name = BLEKitDemo;
			packageProductDependencies = (
			);
			productName = BLEKitDemo;
			productReference = BC50BCC82E7C59A3004C01EA /* BLEKitDemo.app */;
			productType = "com.apple.product-type.application";
		};
		BC50BCDC2E7C59A4004C01EA /* BLEKitDemoTests */ = {
			isa = PBXNativeTarget;
			buildConfigurationList = BC50BCF32E7C59A4004C01EA /* Build configuration list for PBXNativeTarget "BLEKitDemoTests" */;
			buildPhases = (
				BC50BCD92E7C59A4004C01EA /* Sources */,
				BC50BCDA2E7C59A4004C01EA /* Frameworks */,
				BC50BCDB2E7C59A4004C01EA /* Resources */,
			);
			buildRules = (
			);
			dependencies = (
				BC50BCDF2E7C59A4004C01EA /* PBXTargetDependency */,
			);
			fileSystemSynchronizedGroups = (
				BC50BCE02E7C59A4004C01EA /* BLEKitDemoTests */,
			);
			name = BLEKitDemoTests;
			packageProductDependencies = (
			);
			productName = BLEKitDemoTests;
			productReference = BC50BCDD2E7C59A4004C01EA /* BLEKitDemoTests.xctest */;
			productType = "com.apple.product-type.bundle.unit-test";
		};
		BC50BCE62E7C59A4004C01EA /* BLEKitDemoUITests */ = {
			isa = PBXNativeTarget;
			buildConfigurationList = BC50BCF62E7C59A4004C01EA /* Build configuration list for PBXNativeTarget "BLEKitDemoUITests" */;
			buildPhases = (
				BC50BCE32E7C59A4004C01EA /* Sources */,
				BC50BCE42E7C59A4004C01EA /* Frameworks */,
				BC50BCE52E7C59A4004C01EA /* Resources */,
			);
			buildRules = (
			);
			dependencies = (
				BC50BCE92E7C59A4004C01EA /* PBXTargetDependency */,
			);
			fileSystemSynchronizedGroups = (
				BC50BCEA2E7C59A4004C01EA /* BLEKitDemoUITests */,
			);
			name = BLEKitDemoUITests;
			packageProductDependencies = (
			);
			productName = BLEKitDemoUITests;
			productReference = BC50BCE72E7C59A4004C01EA /* BLEKitDemoUITests.xctest */;
			productType = "com.apple.product-type.bundle.ui-testing";
		};
/* End PBXNativeTarget section */

/* Begin PBXProject section */
		BC50BC9B2E7C40DF004C01EA /* Project object */ = {
			isa = PBXProject;
			attributes = {
				BuildIndependentTargetsInParallel = 1;
				LastSwiftUpdateCheck = 1640;
				LastUpgradeCheck = 1640;
				TargetAttributes = {
					BC50BCA32E7C40DF004C01EA = {
						CreatedOnToolsVersion = 16.4;
					};
					BC50BCAE2E7C40DF004C01EA = {
						CreatedOnToolsVersion = 16.4;
					};
					BC50BCC72E7C59A3004C01EA = {
						CreatedOnToolsVersion = 16.4;
					};
					BC50BCDC2E7C59A4004C01EA = {
						CreatedOnToolsVersion = 16.4;
						TestTargetID = BC50BCC72E7C59A3004C01EA;
					};
					BC50BCE62E7C59A4004C01EA = {
						CreatedOnToolsVersion = 16.4;
						TestTargetID = BC50BCC72E7C59A3004C01EA;
					};
				};
			};
			buildConfigurationList = BC50BC9E2E7C40DF004C01EA /* Build configuration list for PBXProject "BLEKit" */;
			developmentRegion = en;
			hasScannedForEncodings = 0;
			knownRegions = (
				en,
				Base,
			);
			mainGroup = BC50BC9A2E7C40DF004C01EA;
			minimizedProjectReferenceProxies = 1;
			preferredProjectObjectVersion = 77;
			productRefGroup = BC50BCA52E7C40DF004C01EA /* Products */;
			projectDirPath = "";
			projectRoot = "";
			targets = (
				BC50BCA32E7C40DF004C01EA /* BLEKit */,
				BC50BCAE2E7C40DF004C01EA /* BLEKitTests */,
				BC50BCC72E7C59A3004C01EA /* BLEKitDemo */,
				BC50BCDC2E7C59A4004C01EA /* BLEKitDemoTests */,
				BC50BCE62E7C59A4004C01EA /* BLEKitDemoUITests */,
			);
		};
/* End PBXProject section */

/* Begin PBXResourcesBuildPhase section */
		BC50BCA22E7C40DF004C01EA /* Resources */ = {
			isa = PBXResourcesBuildPhase;
			buildActionMask = 2147483647;
			files = (
			);
			runOnlyForDeploymentPostprocessing = 0;
		};
		BC50BCAD2E7C40DF004C01EA /* Resources */ = {
			isa = PBXResourcesBuildPhase;
			buildActionMask = 2147483647;
			files = (
			);
			runOnlyForDeploymentPostprocessing = 0;
		};
		BC50BCC62E7C59A3004C01EA /* Resources */ = {
			isa = PBXResourcesBuildPhase;
			buildActionMask = 2147483647;
			files = (
			);
			runOnlyForDeploymentPostprocessing = 0;
		};
		BC50BCDB2E7C59A4004C01EA /* Resources */ = {
			isa = PBXResourcesBuildPhase;
			buildActionMask = 2147483647;
			files = (
			);
			runOnlyForDeploymentPostprocessing = 0;
		};
		BC50BCE52E7C59A4004C01EA /* Resources */ = {
			isa = PBXResourcesBuildPhase;
			buildActionMask = 2147483647;
			files = (
			);
			runOnlyForDeploymentPostprocessing = 0;
		};
/* End PBXResourcesBuildPhase section */

/* Begin PBXSourcesBuildPhase section */
		BC50BCA02E7C40DF004C01EA /* Sources */ = {
			isa = PBXSourcesBuildPhase;
			buildActionMask = 2147483647;
			files = (
			);
			runOnlyForDeploymentPostprocessing = 0;
		};
		BC50BCAB2E7C40DF004C01EA /* Sources */ = {
			isa = PBXSourcesBuildPhase;
			buildActionMask = 2147483647;
			files = (
			);
			runOnlyForDeploymentPostprocessing = 0;
		};
		BC50BCC42E7C59A3004C01EA /* Sources */ = {
			isa = PBXSourcesBuildPhase;
			buildActionMask = 2147483647;
			files = (
			);
			runOnlyForDeploymentPostprocessing = 0;
		};
		BC50BCD92E7C59A4004C01EA /* Sources */ = {
			isa = PBXSourcesBuildPhase;
			buildActionMask = 2147483647;
			files = (
			);
			runOnlyForDeploymentPostprocessing = 0;
		};
		BC50BCE32E7C59A4004C01EA /* Sources */ = {
			isa = PBXSourcesBuildPhase;
			buildActionMask = 2147483647;
			files = (
			);
			runOnlyForDeploymentPostprocessing = 0;
		};
/* End PBXSourcesBuildPhase section */

/* Begin PBXTargetDependency section */
		BC50BCB22E7C40DF004C01EA /* PBXTargetDependency */ = {
			isa = PBXTargetDependency;
			target = BC50BCA32E7C40DF004C01EA /* BLEKit */;
			targetProxy = BC50BCB12E7C40DF004C01EA /* PBXContainerItemProxy */;
		};
		BC50BCDF2E7C59A4004C01EA /* PBXTargetDependency */ = {
			isa = PBXTargetDependency;
			target = BC50BCC72E7C59A3004C01EA /* BLEKitDemo */;
			targetProxy = BC50BCDE2E7C59A4004C01EA /* PBXContainerItemProxy */;
		};
		BC50BCE92E7C59A4004C01EA /* PBXTargetDependency */ = {
			isa = PBXTargetDependency;
			target = BC50BCC72E7C59A3004C01EA /* BLEKitDemo */;
			targetProxy = BC50BCE82E7C59A4004C01EA /* PBXContainerItemProxy */;
		};
		BC50BCFA2E7C5B12004C01EA /* PBXTargetDependency */ = {
			isa = PBXTargetDependency;
			target = BC50BCA32E7C40DF004C01EA /* BLEKit */;
			targetProxy = BC50BCFB2E7C5B12004C01EA /* PBXContainerItemProxy */;
		};
/* End PBXTargetDependency section */

/* Begin XCBuildConfiguration section */
		BC50BCB62E7C40DF004C01EA /* Debug */ = {
			isa = XCBuildConfiguration;
			buildSettings = {
				ALWAYS_SEARCH_USER_PATHS = NO;
				ASSETCATALOG_COMPILER_GENERATE_SWIFT_ASSET_SYMBOL_EXTENSIONS = YES;
				CLANG_ANALYZER_NONNULL = YES;
				CLANG_ANALYZER_NUMBER_OBJECT_CONVERSION = YES_AGGRESSIVE;
				CLANG_CXX_LANGUAGE_STANDARD = "gnu++20";
				CLANG_ENABLE_MODULES = YES;
				CLANG_ENABLE_OBJC_ARC = YES;
				CLANG_ENABLE_OBJC_WEAK = YES;
				CLANG_WARN_BLOCK_CAPTURE_AUTORELEASING = YES;
				CLANG_WARN_BOOL_CONVERSION = YES;
				CLANG_WARN_COMMA = YES;
				CLANG_WARN_CONSTANT_CONVERSION = YES;
				CLANG_WARN_DEPRECATED_OBJC_IMPLEMENTATIONS = YES;
				CLANG_WARN_DIRECT_OBJC_ISA_USAGE = YES_ERROR;
				CLANG_WARN_DOCUMENTATION_COMMENTS = YES;
				CLANG_WARN_EMPTY_BODY = YES;
				CLANG_WARN_ENUM_CONVERSION = YES;
				CLANG_WARN_INFINITE_RECURSION = YES;
				CLANG_WARN_INT_CONVERSION = YES;
				CLANG_WARN_NON_LITERAL_NULL_CONVERSION = YES;
				CLANG_WARN_OBJC_IMPLICIT_RETAIN_SELF = YES;
				CLANG_WARN_OBJC_LITERAL_CONVERSION = YES;
				CLANG_WARN_OBJC_ROOT_CLASS = YES_ERROR;
				CLANG_WARN_QUOTED_INCLUDE_IN_FRAMEWORK_HEADER = YES;
				CLANG_WARN_RANGE_LOOP_ANALYSIS = YES;
				CLANG_WARN_STRICT_PROTOTYPES = YES;
				CLANG_WARN_SUSPICIOUS_MOVE = YES;
				CLANG_WARN_UNGUARDED_AVAILABILITY = YES_AGGRESSIVE;
				CLANG_WARN_UNREACHABLE_CODE = YES;
				CLANG_WARN__DUPLICATE_METHOD_MATCH = YES;
				COPY_PHASE_STRIP = NO;
				CURRENT_PROJECT_VERSION = 1;
				DEBUG_INFORMATION_FORMAT = dwarf;
				DEVELOPMENT_TEAM = X65D63Z272;
				ENABLE_STRICT_OBJC_MSGSEND = YES;
				ENABLE_TESTABILITY = YES;
				ENABLE_USER_SCRIPT_SANDBOXING = YES;
				GCC_C_LANGUAGE_STANDARD = gnu17;
				GCC_DYNAMIC_NO_PIC = NO;
				GCC_NO_COMMON_BLOCKS = YES;
				GCC_OPTIMIZATION_LEVEL = 0;
				GCC_PREPROCESSOR_DEFINITIONS = (
					"DEBUG=1",
					"$(inherited)",
				);
				GCC_WARN_64_TO_32_BIT_CONVERSION = YES;
				GCC_WARN_ABOUT_RETURN_TYPE = YES_ERROR;
				GCC_WARN_UNDECLARED_SELECTOR = YES;
				GCC_WARN_UNINITIALIZED_AUTOS = YES_AGGRESSIVE;
				GCC_WARN_UNUSED_FUNCTION = YES;
				GCC_WARN_UNUSED_VARIABLE = YES;
				IPHONEOS_DEPLOYMENT_TARGET = 18.5;
				LOCALIZATION_PREFERS_STRING_CATALOGS = YES;
				MTL_ENABLE_DEBUG_INFO = INCLUDE_SOURCE;
				MTL_FAST_MATH = YES;
				ONLY_ACTIVE_ARCH = YES;
				SDKROOT = iphoneos;
				SWIFT_ACTIVE_COMPILATION_CONDITIONS = "DEBUG $(inherited)";
				SWIFT_OPTIMIZATION_LEVEL = "-Onone";
				VERSIONING_SYSTEM = "apple-generic";
				VERSION_INFO_PREFIX = "";
			};
			name = Debug;
		};
		BC50BCB72E7C40DF004C01EA /* Release */ = {
			isa = XCBuildConfiguration;
			buildSettings = {
				ALWAYS_SEARCH_USER_PATHS = NO;
				ASSETCATALOG_COMPILER_GENERATE_SWIFT_ASSET_SYMBOL_EXTENSIONS = YES;
				CLANG_ANALYZER_NONNULL = YES;
				CLANG_ANALYZER_NUMBER_OBJECT_CONVERSION = YES_AGGRESSIVE;
				CLANG_CXX_LANGUAGE_STANDARD = "gnu++20";
				CLANG_ENABLE_MODULES = YES;
				CLANG_ENABLE_OBJC_ARC = YES;
				CLANG_ENABLE_OBJC_WEAK = YES;
				CLANG_WARN_BLOCK_CAPTURE_AUTORELEASING = YES;
				CLANG_WARN_BOOL_CONVERSION = YES;
				CLANG_WARN_COMMA = YES;
				CLANG_WARN_CONSTANT_CONVERSION = YES;
				CLANG_WARN_DEPRECATED_OBJC_IMPLEMENTATIONS = YES;
				CLANG_WARN_DIRECT_OBJC_ISA_USAGE = YES_ERROR;
				CLANG_WARN_DOCUMENTATION_COMMENTS = YES;
				CLANG_WARN_EMPTY_BODY = YES;
				CLANG_WARN_ENUM_CONVERSION = YES;
				CLANG_WARN_INFINITE_RECURSION = YES;
				CLANG_WARN_INT_CONVERSION = YES;
				CLANG_WARN_NON_LITERAL_NULL_CONVERSION = YES;
				CLANG_WARN_OBJC_IMPLICIT_RETAIN_SELF = YES;
				CLANG_WARN_OBJC_LITERAL_CONVERSION = YES;
				CLANG_WARN_OBJC_ROOT_CLASS = YES_ERROR;
				CLANG_WARN_QUOTED_INCLUDE_IN_FRAMEWORK_HEADER = YES;
				CLANG_WARN_RANGE_LOOP_ANALYSIS = YES;
				CLANG_WARN_STRICT_PROTOTYPES = YES;
				CLANG_WARN_SUSPICIOUS_MOVE = YES;
				CLANG_WARN_UNGUARDED_AVAILABILITY = YES_AGGRESSIVE;
				CLANG_WARN_UNREACHABLE_CODE = YES;
				CLANG_WARN__DUPLICATE_METHOD_MATCH = YES;
				COPY_PHASE_STRIP = NO;
				CURRENT_PROJECT_VERSION = 1;
				DEBUG_INFORMATION_FORMAT = "dwarf-with-dsym";
				DEVELOPMENT_TEAM = X65D63Z272;
				ENABLE_NS_ASSERTIONS = NO;
				ENABLE_STRICT_OBJC_MSGSEND = YES;
				ENABLE_USER_SCRIPT_SANDBOXING = YES;
				GCC_C_LANGUAGE_STANDARD = gnu17;
				GCC_NO_COMMON_BLOCKS = YES;
				GCC_WARN_64_TO_32_BIT_CONVERSION = YES;
				GCC_WARN_ABOUT_RETURN_TYPE = YES_ERROR;
				GCC_WARN_UNDECLARED_SELECTOR = YES;
				GCC_WARN_UNINITIALIZED_AUTOS = YES_AGGRESSIVE;
				GCC_WARN_UNUSED_FUNCTION = YES;
				GCC_WARN_UNUSED_VARIABLE = YES;
				IPHONEOS_DEPLOYMENT_TARGET = 18.5;
				LOCALIZATION_PREFERS_STRING_CATALOGS = YES;
				MTL_ENABLE_DEBUG_INFO = NO;
				MTL_FAST_MATH = YES;
				SDKROOT = iphoneos;
				SWIFT_COMPILATION_MODE = wholemodule;
				VALIDATE_PRODUCT = YES;
				VERSIONING_SYSTEM = "apple-generic";
				VERSION_INFO_PREFIX = "";
			};
			name = Release;
		};
		BC50BCB92E7C40DF004C01EA /* Debug */ = {
			isa = XCBuildConfiguration;
			buildSettings = {
				BUILD_LIBRARY_FOR_DISTRIBUTION = YES;
				CODE_SIGN_STYLE = Automatic;
				CURRENT_PROJECT_VERSION = 1;
				DEVELOPMENT_TEAM = X65D63Z272;
				DYLIB_COMPATIBILITY_VERSION = 1;
				DYLIB_CURRENT_VERSION = 1;
				DYLIB_INSTALL_NAME_BASE = "@rpath";
				ENABLE_MODULE_VERIFIER = YES;
				GENERATE_INFOPLIST_FILE = YES;
				INFOPLIST_KEY_NSHumanReadableCopyright = "";
				INSTALL_PATH = "$(LOCAL_LIBRARY_DIR)/Frameworks";
				IPHONEOS_DEPLOYMENT_TARGET = 16.0;
				LD_RUNPATH_SEARCH_PATHS = (
					"$(inherited)",
					"@executable_path/Frameworks",
					"@loader_path/Frameworks",
				);
				MARKETING_VERSION = 1.0;
				MODULE_VERIFIER_SUPPORTED_LANGUAGES = "objective-c objective-c++";
				MODULE_VERIFIER_SUPPORTED_LANGUAGE_STANDARDS = "gnu17 gnu++20";
				PRODUCT_BUNDLE_IDENTIFIER = com.resetly.labs.BLEKit;
				PRODUCT_NAME = "$(TARGET_NAME:c99extidentifier)";
				SKIP_INSTALL = YES;
				SWIFT_EMIT_LOC_STRINGS = YES;
				SWIFT_INSTALL_MODULE = YES;
				SWIFT_INSTALL_OBJC_HEADER = NO;
				SWIFT_VERSION = 5.0;
				TARGETED_DEVICE_FAMILY = "1,2";
			};
			name = Debug;
		};
		BC50BCBA2E7C40DF004C01EA /* Release */ = {
			isa = XCBuildConfiguration;
			buildSettings = {
				BUILD_LIBRARY_FOR_DISTRIBUTION = YES;
				CODE_SIGN_STYLE = Automatic;
				CURRENT_PROJECT_VERSION = 1;
				DEVELOPMENT_TEAM = X65D63Z272;
				DYLIB_COMPATIBILITY_VERSION = 1;
				DYLIB_CURRENT_VERSION = 1;
				DYLIB_INSTALL_NAME_BASE = "@rpath";
				ENABLE_MODULE_VERIFIER = YES;
				GENERATE_INFOPLIST_FILE = YES;
				INFOPLIST_KEY_NSHumanReadableCopyright = "";
				INSTALL_PATH = "$(LOCAL_LIBRARY_DIR)/Frameworks";
				IPHONEOS_DEPLOYMENT_TARGET = 16.0;
				LD_RUNPATH_SEARCH_PATHS = (
					"$(inherited)",
					"@executable_path/Frameworks",
					"@loader_path/Frameworks",
				);
				MARKETING_VERSION = 1.0;
				MODULE_VERIFIER_SUPPORTED_LANGUAGES = "objective-c objective-c++";
				MODULE_VERIFIER_SUPPORTED_LANGUAGE_STANDARDS = "gnu17 gnu++20";
				PRODUCT_BUNDLE_IDENTIFIER = com.resetly.labs.BLEKit;
				PRODUCT_NAME = "$(TARGET_NAME:c99extidentifier)";
				SKIP_INSTALL = YES;
				SWIFT_EMIT_LOC_STRINGS = YES;
				SWIFT_INSTALL_MODULE = YES;
				SWIFT_INSTALL_OBJC_HEADER = NO;
				SWIFT_VERSION = 5.0;
				TARGETED_DEVICE_FAMILY = "1,2";
			};
			name = Release;
		};
		BC50BCBC2E7C40DF004C01EA /* Debug */ = {
			isa = XCBuildConfiguration;
			buildSettings = {
				CODE_SIGN_STYLE = Automatic;
				CURRENT_PROJECT_VERSION = 1;
				DEVELOPMENT_TEAM = X65D63Z272;
				GENERATE_INFOPLIST_FILE = YES;
				MARKETING_VERSION = 1.0;
				PRODUCT_BUNDLE_IDENTIFIER = com.resetly.labs.BLEKitTests;
				PRODUCT_NAME = "$(TARGET_NAME)";
				SWIFT_EMIT_LOC_STRINGS = NO;
				SWIFT_VERSION = 5.0;
				TARGETED_DEVICE_FAMILY = "1,2";
			};
			name = Debug;
		};
		BC50BCBD2E7C40DF004C01EA /* Release */ = {
			isa = XCBuildConfiguration;
			buildSettings = {
				CODE_SIGN_STYLE = Automatic;
				CURRENT_PROJECT_VERSION = 1;
				DEVELOPMENT_TEAM = X65D63Z272;
				GENERATE_INFOPLIST_FILE = YES;
				MARKETING_VERSION = 1.0;
				PRODUCT_BUNDLE_IDENTIFIER = com.resetly.labs.BLEKitTests;
				PRODUCT_NAME = "$(TARGET_NAME)";
				SWIFT_EMIT_LOC_STRINGS = NO;
				SWIFT_VERSION = 5.0;
				TARGETED_DEVICE_FAMILY = "1,2";
			};
			name = Release;
		};
		BC50BCF12E7C59A4004C01EA /* Debug */ = {
			isa = XCBuildConfiguration;
			buildSettings = {
				ASSETCATALOG_COMPILER_APPICON_NAME = AppIcon;
				ASSETCATALOG_COMPILER_GLOBAL_ACCENT_COLOR_NAME = AccentColor;
				CODE_SIGN_STYLE = Automatic;
				CURRENT_PROJECT_VERSION = 1;
				DEVELOPMENT_TEAM = 9965Y365RW;
				GENERATE_INFOPLIST_FILE = YES;
				INFOPLIST_FILE = BLEKitDemo/Info.plist;
				INFOPLIST_KEY_UIApplicationSupportsIndirectInputEvents = YES;
				INFOPLIST_KEY_UILaunchStoryboardName = LaunchScreen;
				INFOPLIST_KEY_UISupportedInterfaceOrientations_iPad = "UIInterfaceOrientationPortrait UIInterfaceOrientationPortraitUpsideDown UIInterfaceOrientationLandscapeLeft UIInterfaceOrientationLandscapeRight";
				INFOPLIST_KEY_UISupportedInterfaceOrientations_iPhone = "UIInterfaceOrientationPortrait UIInterfaceOrientationLandscapeLeft UIInterfaceOrientationLandscapeRight";
				LD_RUNPATH_SEARCH_PATHS = (
					"$(inherited)",
					"@executable_path/Frameworks",
				);
				MARKETING_VERSION = 1.0;
				PRODUCT_BUNDLE_IDENTIFIER = com.interview.BLEKitDemo;
				PRODUCT_NAME = "$(TARGET_NAME)";
				SWIFT_EMIT_LOC_STRINGS = YES;
				SWIFT_VERSION = 5.0;
				TARGETED_DEVICE_FAMILY = "1,2";
			};
			name = Debug;
		};
		BC50BCF22E7C59A4004C01EA /* Release */ = {
			isa = XCBuildConfiguration;
			buildSettings = {
				ASSETCATALOG_COMPILER_APPICON_NAME = AppIcon;
				ASSETCATALOG_COMPILER_GLOBAL_ACCENT_COLOR_NAME = AccentColor;
				CODE_SIGN_STYLE = Automatic;
				CURRENT_PROJECT_VERSION = 1;
				DEVELOPMENT_TEAM = 9965Y365RW;
				GENERATE_INFOPLIST_FILE = YES;
				INFOPLIST_FILE = BLEKitDemo/Info.plist;
				INFOPLIST_KEY_UIApplicationSupportsIndirectInputEvents = YES;
				INFOPLIST_KEY_UILaunchStoryboardName = LaunchScreen;
				INFOPLIST_KEY_UISupportedInterfaceOrientations_iPad = "UIInterfaceOrientationPortrait UIInterfaceOrientationPortraitUpsideDown UIInterfaceOrientationLandscapeLeft UIInterfaceOrientationLandscapeRight";
				INFOPLIST_KEY_UISupportedInterfaceOrientations_iPhone = "UIInterfaceOrientationPortrait UIInterfaceOrientationLandscapeLeft UIInterfaceOrientationLandscapeRight";
				LD_RUNPATH_SEARCH_PATHS = (
					"$(inherited)",
					"@executable_path/Frameworks",
				);
				MARKETING_VERSION = 1.0;
				PRODUCT_BUNDLE_IDENTIFIER = com.interview.BLEKitDemo;
				PRODUCT_NAME = "$(TARGET_NAME)";
				SWIFT_EMIT_LOC_STRINGS = YES;
				SWIFT_VERSION = 5.0;
				TARGETED_DEVICE_FAMILY = "1,2";
			};
			name = Release;
		};
		BC50BCF42E7C59A4004C01EA /* Debug */ = {
			isa = XCBuildConfiguration;
			buildSettings = {
				BUNDLE_LOADER = "$(TEST_HOST)";
				CODE_SIGN_STYLE = Automatic;
				CURRENT_PROJECT_VERSION = 1;
				DEVELOPMENT_TEAM = 9965Y365RW;
				GENERATE_INFOPLIST_FILE = YES;
				IPHONEOS_DEPLOYMENT_TARGET = 18.5;
				MARKETING_VERSION = 1.0;
				PRODUCT_BUNDLE_IDENTIFIER = com.interview.BLEKitDemoTests;
				PRODUCT_NAME = "$(TARGET_NAME)";
				SWIFT_EMIT_LOC_STRINGS = NO;
				SWIFT_VERSION = 5.0;
				TARGETED_DEVICE_FAMILY = "1,2";
				TEST_HOST = "$(BUILT_PRODUCTS_DIR)/BLEKitDemo.app/$(BUNDLE_EXECUTABLE_FOLDER_PATH)/BLEKitDemo";
			};
			name = Debug;
		};
		BC50BCF52E7C59A4004C01EA /* Release */ = {
			isa = XCBuildConfiguration;
			buildSettings = {
				BUNDLE_LOADER = "$(TEST_HOST)";
				CODE_SIGN_STYLE = Automatic;
				CURRENT_PROJECT_VERSION = 1;
				DEVELOPMENT_TEAM = 9965Y365RW;
				GENERATE_INFOPLIST_FILE = YES;
				IPHONEOS_DEPLOYMENT_TARGET = 18.5;
				MARKETING_VERSION = 1.0;
				PRODUCT_BUNDLE_IDENTIFIER = com.interview.BLEKitDemoTests;
				PRODUCT_NAME = "$(TARGET_NAME)";
				SWIFT_EMIT_LOC_STRINGS = NO;
				SWIFT_VERSION = 5.0;
				TARGETED_DEVICE_FAMILY = "1,2";
				TEST_HOST = "$(BUILT_PRODUCTS_DIR)/BLEKitDemo.app/$(BUNDLE_EXECUTABLE_FOLDER_PATH)/BLEKitDemo";
			};
			name = Release;
		};
		BC50BCF72E7C59A4004C01EA /* Debug */ = {
			isa = XCBuildConfiguration;
			buildSettings = {
				CODE_SIGN_STYLE = Automatic;
				CURRENT_PROJECT_VERSION = 1;
				DEVELOPMENT_TEAM = 9965Y365RW;
				GENERATE_INFOPLIST_FILE = YES;
				MARKETING_VERSION = 1.0;
				PRODUCT_BUNDLE_IDENTIFIER = com.interview.BLEKitDemoUITests;
				PRODUCT_NAME = "$(TARGET_NAME)";
				SWIFT_EMIT_LOC_STRINGS = NO;
				SWIFT_VERSION = 5.0;
				TARGETED_DEVICE_FAMILY = "1,2";
				TEST_TARGET_NAME = BLEKitDemo;
			};
			name = Debug;
		};
		BC50BCF82E7C59A4004C01EA /* Release */ = {
			isa = XCBuildConfiguration;
			buildSettings = {
				CODE_SIGN_STYLE = Automatic;
				CURRENT_PROJECT_VERSION = 1;
				DEVELOPMENT_TEAM = 9965Y365RW;
				GENERATE_INFOPLIST_FILE = YES;
				MARKETING_VERSION = 1.0;
				PRODUCT_BUNDLE_IDENTIFIER = com.interview.BLEKitDemoUITests;
				PRODUCT_NAME = "$(TARGET_NAME)";
				SWIFT_EMIT_LOC_STRINGS = NO;
				SWIFT_VERSION = 5.0;
				TARGETED_DEVICE_FAMILY = "1,2";
				TEST_TARGET_NAME = BLEKitDemo;
			};
			name = Release;
		};
/* End XCBuildConfiguration section */

/* Begin XCConfigurationList section */
		BC50BC9E2E7C40DF004C01EA /* Build configuration list for PBXProject "BLEKit" */ = {
			isa = XCConfigurationList;
			buildConfigurations = (
				BC50BCB62E7C40DF004C01EA /* Debug */,
				BC50BCB72E7C40DF004C01EA /* Release */,
			);
			defaultConfigurationIsVisible = 0;
			defaultConfigurationName = Release;
		};
		BC50BCB82E7C40DF004C01EA /* Build configuration list for PBXNativeTarget "BLEKit" */ = {
			isa = XCConfigurationList;
			buildConfigurations = (
				BC50BCB92E7C40DF004C01EA /* Debug */,
				BC50BCBA2E7C40DF004C01EA /* Release */,
			);
			defaultConfigurationIsVisible = 0;
			defaultConfigurationName = Release;
		};
		BC50BCBB2E7C40DF004C01EA /* Build configuration list for PBXNativeTarget "BLEKitTests" */ = {
			isa = XCConfigurationList;
			buildConfigurations = (
				BC50BCBC2E7C40DF004C01EA /* Debug */,
				BC50BCBD2E7C40DF004C01EA /* Release */,
			);
			defaultConfigurationIsVisible = 0;
			defaultConfigurationName = Release;
		};
		BC50BCF02E7C59A4004C01EA /* Build configuration list for PBXNativeTarget "BLEKitDemo" */ = {
			isa = XCConfigurationList;
			buildConfigurations = (
				BC50BCF12E7C59A4004C01EA /* Debug */,
				BC50BCF22E7C59A4004C01EA /* Release */,
			);
			defaultConfigurationIsVisible = 0;
			defaultConfigurationName = Release;
		};
		BC50BCF32E7C59A4004C01EA /* Build configuration list for PBXNativeTarget "BLEKitDemoTests" */ = {
			isa = XCConfigurationList;
			buildConfigurations = (
				BC50BCF42E7C59A4004C01EA /* Debug */,
				BC50BCF52E7C59A4004C01EA /* Release */,
			);
			defaultConfigurationIsVisible = 0;
			defaultConfigurationName = Release;
		};
		BC50BCF62E7C59A4004C01EA /* Build configuration list for PBXNativeTarget "BLEKitDemoUITests" */ = {
			isa = XCConfigurationList;
			buildConfigurations = (
				BC50BCF72E7C59A4004C01EA /* Debug */,
				BC50BCF82E7C59A4004C01EA /* Release */,
			);
			defaultConfigurationIsVisible = 0;
			defaultConfigurationName = Release;
		};
/* End XCConfigurationList section */
	};
	rootObject = BC50BC9B2E7C40DF004C01EA /* Project object */;
}
